
Microsoft Visual Studio Solution File, Format Version 12.00
#
Project("{2150E333-8FDC-42A3-9474-1A3956D46DE8}") = "Services", "Services", "{3CEE46A8-2582-4BF2-9477-0CC3EF516652}"
EndProject
Project("{2150E333-8FDC-42A3-9474-1A3956D46DE8}") = "ParserService", "ParserService", "{D11DBE16-B2E8-4D35-A6C5-A4E0066E5778}"
EndProject
Project("{FAE04EC0-301F-11D3-BF4B-00C04F79EFBC}") = "SoftoriaTestTask.Services.ParserService.Web", "Services\ParserService\Web\SoftoriaTestTask.Services.ParserService.Web.csproj", "{6E437239-FB7C-4C21-B853-CC4775F9709E}"
EndProject
Project("{FAE04EC0-301F-11D3-BF4B-00C04F79EFBC}") = "SoftoriaTestTask.Services.ParserService.Application", "Services\ParserService\Application\SoftoriaTestTask.Services.ParserService.Application.csproj", "{E63B3287-BA1D-444B-BACD-7273F10D26B8}"
EndProject
Project("{FAE04EC0-301F-11D3-BF4B-00C04F79EFBC}") = "SoftoriaTestTask.Services.ParserService.Domain", "Services\ParserService\Domain\SoftoriaTestTask.Services.ParserService.Domain.csproj", "{A4D99480-D705-4C56-B23B-8CE0022261C8}"
EndProject
Project("{FAE04EC0-301F-11D3-BF4B-00C04F79EFBC}") = "SoftoriaTestTask.Services.ParserService.Infrastructure", "Services\ParserService\Infrastructure\SoftoriaTestTask.Services.ParserService.Infrastructure.csproj", "{0CCEEB35-6D04-4E60-9C3A-649D1A6E876B}"
EndProject
Project("{FAE04EC0-301F-11D3-BF4B-00C04F79EFBC}") = "SoftoriaTestTask.Services.ParserService.UnitTests", "Services\ParserService\UnitTests\SoftoriaTestTask.Services.ParserService.UnitTests.csproj", "{A7A72A4F-D67D-4722-95EA-EC6DA56A747F}"
EndProject
Project("{2150E333-8FDC-42A3-9474-1A3956D46DE8}") = "ProcessorService", "ProcessorService", "{F105AEE2-8EBD-4F34-A34C-F00189F439E7}"
EndProject
Project("{FAE04EC0-301F-11D3-BF4B-00C04F79EFBC}") = "SoftoriaTestTask.Services.ProcessorService.Worker", "Services\ProcessorService\Worker\SoftoriaTestTask.Services.ProcessorService.Worker.csproj", "{23E43480-F30B-45E3-8D90-F70FC80231DB}"
EndProject
Project("{FAE04EC0-301F-11D3-BF4B-00C04F79EFBC}") = "SoftoriaTestTask.Services.ProcessorService.Domain", "Services\ProcessorService\Domain\SoftoriaTestTask.Services.ProcessorService.Domain.csproj", "{A20F2B8F-B893-47DA-808A-19096325562F}"
EndProject
Project("{FAE04EC0-301F-11D3-BF4B-00C04F79EFBC}") = "SoftoriaTestTask.Services.ProcessorService.Infrastructure", "Services\ProcessorService\Infrastructure\SoftoriaTestTask.Services.ProcessorService.Infrastructure.csproj", "{1F41F4A5-0824-42BD-81D1-69B81010A247}"
EndProject
Project("{2150E333-8FDC-42A3-9474-1A3956D46DE8}") = "Shared", "Shared", "{06C27520-66B3-493C-B976-155BF6B310EB}"
EndProject
Project("{FAE04EC0-301F-11D3-BF4B-00C04F79EFBC}") = "SoftoriaTestTask.Shared.Infrastructure", "Shared\Infrastructure\SoftoriaTestTask.Shared.Infrastructure.csproj", "{8536DA4F-89FF-4F86-8138-A8C90AEAA9E4}"
EndProject
Project("{FAE04EC0-301F-11D3-BF4B-00C04F79EFBC}") = "SoftoriaTestTask.Shared.Domain", "Shared\Domain\SoftoriaTestTask.Shared.Domain.csproj", "{E7C07A07-4E57-49D2-8317-77260D3D417D}"
EndProject
Global
	GlobalSection(SolutionConfigurationPlatforms) = preSolution
		Debug|Any CPU = Debug|Any CPU
		Release|Any CPU = Release|Any CPU
	EndGlobalSection
	GlobalSection(ProjectConfigurationPlatforms) = postSolution
		{6E437239-FB7C-4C21-B853-CC4775F9709E}.Debug|Any CPU.ActiveCfg = Debug|Any CPU
		{6E437239-FB7C-4C21-B853-CC4775F9709E}.Debug|Any CPU.Build.0 = Debug|Any CPU
		{6E437239-FB7C-4C21-B853-CC4775F9709E}.Release|Any CPU.ActiveCfg = Release|Any CPU
		{6E437239-FB7C-4C21-B853-CC4775F9709E}.Release|Any CPU.Build.0 = Release|Any CPU
		{E63B3287-BA1D-444B-BACD-7273F10D26B8}.Debug|Any CPU.ActiveCfg = Debug|Any CPU
		{E63B3287-BA1D-444B-BACD-7273F10D26B8}.Debug|Any CPU.Build.0 = Debug|Any CPU
		{E63B3287-BA1D-444B-BACD-7273F10D26B8}.Release|Any CPU.ActiveCfg = Release|Any CPU
		{E63B3287-BA1D-444B-BACD-7273F10D26B8}.Release|Any CPU.Build.0 = Release|Any CPU
		{A4D99480-D705-4C56-B23B-8CE0022261C8}.Debug|Any CPU.ActiveCfg = Debug|Any CPU
		{A4D99480-D705-4C56-B23B-8CE0022261C8}.Debug|Any CPU.Build.0 = Debug|Any CPU
		{A4D99480-D705-4C56-B23B-8CE0022261C8}.Release|Any CPU.ActiveCfg = Release|Any CPU
		{A4D99480-D705-4C56-B23B-8CE0022261C8}.Release|Any CPU.Build.0 = Release|Any CPU
		{0CCEEB35-6D04-4E60-9C3A-649D1A6E876B}.Debug|Any CPU.ActiveCfg = Debug|Any CPU
		{0CCEEB35-6D04-4E60-9C3A-649D1A6E876B}.Debug|Any CPU.Build.0 = Debug|Any CPU
		{0CCEEB35-6D04-4E60-9C3A-649D1A6E876B}.Release|Any CPU.ActiveCfg = Release|Any CPU
		{0CCEEB35-6D04-4E60-9C3A-649D1A6E876B}.Release|Any CPU.Build.0 = Release|Any CPU
		{A7A72A4F-D67D-4722-95EA-EC6DA56A747F}.Debug|Any CPU.ActiveCfg = Debug|Any CPU
		{A7A72A4F-D67D-4722-95EA-EC6DA56A747F}.Debug|Any CPU.Build.0 = Debug|Any CPU
		{A7A72A4F-D67D-4722-95EA-EC6DA56A747F}.Release|Any CPU.ActiveCfg = Release|Any CPU
		{A7A72A4F-D67D-4722-95EA-EC6DA56A747F}.Release|Any CPU.Build.0 = Release|Any CPU
		{23E43480-F30B-45E3-8D90-F70FC80231DB}.Debug|Any CPU.ActiveCfg = Debug|Any CPU
		{23E43480-F30B-45E3-8D90-F70FC80231DB}.Debug|Any CPU.Build.0 = Debug|Any CPU
		{23E43480-F30B-45E3-8D90-F70FC80231DB}.Release|Any CPU.ActiveCfg = Release|Any CPU
		{23E43480-F30B-45E3-8D90-F70FC80231DB}.Release|Any CPU.Build.0 = Release|Any CPU
		{A20F2B8F-B893-47DA-808A-19096325562F}.Debug|Any CPU.ActiveCfg = Debug|Any CPU
		{A20F2B8F-B893-47DA-808A-19096325562F}.Debug|Any CPU.Build.0 = Debug|Any CPU
		{A20F2B8F-B893-47DA-808A-19096325562F}.Release|Any CPU.ActiveCfg = Release|Any CPU
		{A20F2B8F-B893-47DA-808A-19096325562F}.Release|Any CPU.Build.0 = Release|Any CPU
		{1F41F4A5-0824-42BD-81D1-69B81010A247}.Debug|Any CPU.ActiveCfg = Debug|Any CPU
		{1F41F4A5-0824-42BD-81D1-69B81010A247}.Debug|Any CPU.Build.0 = Debug|Any CPU
		{1F41F4A5-0824-42BD-81D1-69B81010A247}.Release|Any CPU.ActiveCfg = Release|Any CPU
		{1F41F4A5-0824-42BD-81D1-69B81010A247}.Release|Any CPU.Build.0 = Release|Any CPU
		{8536DA4F-89FF-4F86-8138-A8C90AEAA9E4}.Debug|Any CPU.ActiveCfg = Debug|Any CPU
		{8536DA4F-89FF-4F86-8138-A8C90AEAA9E4}.Debug|Any CPU.Build.0 = Debug|Any CPU
		{8536DA4F-89FF-4F86-8138-A8C90AEAA9E4}.Release|Any CPU.ActiveCfg = Release|Any CPU
		{8536DA4F-89FF-4F86-8138-A8C90AEAA9E4}.Release|Any CPU.Build.0 = Release|Any CPU
		{E7C07A07-4E57-49D2-8317-77260D3D417D}.Debug|Any CPU.ActiveCfg = Debug|Any CPU
		{E7C07A07-4E57-49D2-8317-77260D3D417D}.Debug|Any CPU.Build.0 = Debug|Any CPU
		{E7C07A07-4E57-49D2-8317-77260D3D417D}.Release|Any CPU.ActiveCfg = Release|Any CPU
		{E7C07A07-4E57-49D2-8317-77260D3D417D}.Release|Any CPU.Build.0 = Release|Any CPU
	EndGlobalSection
	GlobalSection(NestedProjects) = preSolution
		{D11DBE16-B2E8-4D35-A6C5-A4E0066E5778} = {3CEE46A8-2582-4BF2-9477-0CC3EF516652}
		{6E437239-FB7C-4C21-B853-CC4775F9709E} = {D11DBE16-B2E8-4D35-A6C5-A4E0066E5778}
		{E63B3287-BA1D-444B-BACD-7273F10D26B8} = {D11DBE16-B2E8-4D35-A6C5-A4E0066E5778}
		{A4D99480-D705-4C56-B23B-8CE0022261C8} = {D11DBE16-B2E8-4D35-A6C5-A4E0066E5778}
		{0CCEEB35-6D04-4E60-9C3A-649D1A6E876B} = {D11DBE16-B2E8-4D35-A6C5-A4E0066E5778}
		{A7A72A4F-D67D-4722-95EA-EC6DA56A747F} = {D11DBE16-B2E8-4D35-A6C5-A4E0066E5778}
		{F105AEE2-8EBD-4F34-A34C-F00189F439E7} = {3CEE46A8-2582-4BF2-9477-0CC3EF516652}
		{23E43480-F30B-45E3-8D90-F70FC80231DB} = {F105AEE2-8EBD-4F34-A34C-F00189F439E7}
		{A20F2B8F-B893-47DA-808A-19096325562F} = {F105AEE2-8EBD-4F34-A34C-F00189F439E7}
		{1F41F4A5-0824-42BD-81D1-69B81010A247} = {F105AEE2-8EBD-4F34-A34C-F00189F439E7}
		{8536DA4F-89FF-4F86-8138-A8C90AEAA9E4} = {06C27520-66B3-493C-B976-155BF6B310EB}
		{E7C07A07-4E57-49D2-8317-77260D3D417D} = {06C27520-66B3-493C-B976-155BF6B310EB}
	EndGlobalSection
EndGlobal
